
Microsoft Visual Studio Solution File, Format Version 12.00
# Visual Studio Version 17
VisualStudioVersion = 17.10.35122.118
MinimumVisualStudioVersion = 10.0.40219.1
Project("{FAE04EC0-301F-11D3-BF4B-00C04F79EFBC}") = "robot-eretsegi", "robot-eretsegi\robot-eretsegi.csproj", "{9B0700ED-2205-4AEF-9BA3-4EE42F4D5650}"
EndProject
Global
	GlobalSection(SolutionConfigurationPlatforms) = preSolution
		Debug|Any CPU = Debug|Any CPU
		Release|Any CPU = Release|Any CPU
	EndGlobalSection
	GlobalSection(ProjectConfigurationPlatforms) = postSolution
		{9B0700ED-2205-4AEF-9BA3-4EE42F4D5650}.Debug|Any CPU.ActiveCfg = Debug|Any CPU
		{9B0700ED-2205-4AEF-9BA3-4EE42F4D5650}.Debug|Any CPU.Build.0 = Debug|Any CPU
		{9B0700ED-2205-4AEF-9BA3-4EE42F4D5650}.Release|Any CPU.ActiveCfg = Release|Any CPU
		{9B0700ED-2205-4AEF-9BA3-4EE42F4D5650}.Release|Any CPU.Build.0 = Release|Any CPU
	EndGlobalSection
	GlobalSection(SolutionProperties) = preSolution
		HideSolutionNode = FALSE
	EndGlobalSection
	GlobalSection(ExtensibilityGlobals) = postSolution
		SolutionGuid = {556661B2-A3A3-4D12-82D0-94DD7507CAC4}
	EndGlobalSection
EndGlobal
