
Microsoft Visual Studio Solution File, Format Version 12.00
# Visual Studio 15
VisualStudioVersion = 15.0.28307.852
MinimumVisualStudioVersion = 10.0.40219.1
Project("{FAE04EC0-301F-11D3-BF4B-00C04F79EFBC}") = "robot2024", "robot2024.csproj", "{D13F522B-42DA-4072-A8F5-EF077CE55FAB}"
EndProject
Global
	GlobalSection(SolutionConfigurationPlatforms) = preSolution
		Debug|Any CPU = Debug|Any CPU
		Release|Any CPU = Release|Any CPU
	EndGlobalSection
	GlobalSection(ProjectConfigurationPlatforms) = postSolution
		{D13F522B-42DA-4072-A8F5-EF077CE55FAB}.Debug|Any CPU.ActiveCfg = Debug|Any CPU
		{D13F522B-42DA-4072-A8F5-EF077CE55FAB}.Debug|Any CPU.Build.0 = Debug|Any CPU
		{D13F522B-42DA-4072-A8F5-EF077CE55FAB}.Release|Any CPU.ActiveCfg = Release|Any CPU
		{D13F522B-42DA-4072-A8F5-EF077CE55FAB}.Release|Any CPU.Build.0 = Release|Any CPU
	EndGlobalSection
	GlobalSection(SolutionProperties) = preSolution
		HideSolutionNode = FALSE
	EndGlobalSection
	GlobalSection(ExtensibilityGlobals) = postSolution
		SolutionGuid = {44C5B888-EB67-46AC-A674-93EABE673C44}
	EndGlobalSection
EndGlobal
