
Microsoft Visual Studio Solution File, Format Version 12.00
# Visual Studio Version 17
VisualStudioVersion = 17.5.002.0
MinimumVisualStudioVersion = 10.0.40219.1
Project("{9A19103F-16F7-4668-BE54-9A1E7A4F7556}") = "consoleapp20", "consoleapp20.csproj", "{691281CB-A8AF-41B6-84B1-5BDDA942D0D2}"
EndProject
Global
	GlobalSection(SolutionConfigurationPlatforms) = preSolution
		Debug|Any CPU = Debug|Any CPU
		Release|Any CPU = Release|Any CPU
	EndGlobalSection
	GlobalSection(ProjectConfigurationPlatforms) = postSolution
		{691281CB-A8AF-41B6-84B1-5BDDA942D0D2}.Debug|Any CPU.ActiveCfg = Debug|Any CPU
		{691281CB-A8AF-41B6-84B1-5BDDA942D0D2}.Debug|Any CPU.Build.0 = Debug|Any CPU
		{691281CB-A8AF-41B6-84B1-5BDDA942D0D2}.Release|Any CPU.ActiveCfg = Release|Any CPU
		{691281CB-A8AF-41B6-84B1-5BDDA942D0D2}.Release|Any CPU.Build.0 = Release|Any CPU
	EndGlobalSection
	GlobalSection(SolutionProperties) = preSolution
		HideSolutionNode = FALSE
	EndGlobalSection
	GlobalSection(ExtensibilityGlobals) = postSolution
		SolutionGuid = {D156CC73-B2BF-4D5F-9EB1-78430AD81D73}
	EndGlobalSection
EndGlobal
