
Microsoft Visual Studio Solution File, Format Version 12.00
# Visual Studio 15
VisualStudioVersion = 15.0.28307.852
MinimumVisualStudioVersion = 10.0.40219.1
Project("{FAE04EC0-301F-11D3-BF4B-00C04F79EFBC}") = "piLeibniz2024", "piLeibniz2024.csproj", "{4F326EFF-DD72-4172-9898-4DB1CB551327}"
EndProject
Global
	GlobalSection(SolutionConfigurationPlatforms) = preSolution
		Debug|Any CPU = Debug|Any CPU
		Release|Any CPU = Release|Any CPU
	EndGlobalSection
	GlobalSection(ProjectConfigurationPlatforms) = postSolution
		{4F326EFF-DD72-4172-9898-4DB1CB551327}.Debug|Any CPU.ActiveCfg = Debug|Any CPU
		{4F326EFF-DD72-4172-9898-4DB1CB551327}.Debug|Any CPU.Build.0 = Debug|Any CPU
		{4F326EFF-DD72-4172-9898-4DB1CB551327}.Release|Any CPU.ActiveCfg = Release|Any CPU
		{4F326EFF-DD72-4172-9898-4DB1CB551327}.Release|Any CPU.Build.0 = Release|Any CPU
	EndGlobalSection
	GlobalSection(SolutionProperties) = preSolution
		HideSolutionNode = FALSE
	EndGlobalSection
	GlobalSection(ExtensibilityGlobals) = postSolution
		SolutionGuid = {56932CC0-D86C-4501-BCF1-1DA3B84F45A8}
	EndGlobalSection
EndGlobal
