
Microsoft Visual Studio Solution File, Format Version 12.00
# Visual Studio Version 17
VisualStudioVersion = 17.10.35122.118
MinimumVisualStudioVersion = 10.0.40219.1
Project("{FAE04EC0-301F-11D3-BF4B-00C04F79EFBC}") = "megfigyeles", "megfigyeles\megfigyeles.csproj", "{FFFE8A11-3E08-4B48-BA09-29404D235180}"
EndProject
Global
	GlobalSection(SolutionConfigurationPlatforms) = preSolution
		Debug|Any CPU = Debug|Any CPU
		Release|Any CPU = Release|Any CPU
	EndGlobalSection
	GlobalSection(ProjectConfigurationPlatforms) = postSolution
		{FFFE8A11-3E08-4B48-BA09-29404D235180}.Debug|Any CPU.ActiveCfg = Debug|Any CPU
		{FFFE8A11-3E08-4B48-BA09-29404D235180}.Debug|Any CPU.Build.0 = Debug|Any CPU
		{FFFE8A11-3E08-4B48-BA09-29404D235180}.Release|Any CPU.ActiveCfg = Release|Any CPU
		{FFFE8A11-3E08-4B48-BA09-29404D235180}.Release|Any CPU.Build.0 = Release|Any CPU
	EndGlobalSection
	GlobalSection(SolutionProperties) = preSolution
		HideSolutionNode = FALSE
	EndGlobalSection
	GlobalSection(ExtensibilityGlobals) = postSolution
		SolutionGuid = {72118CE3-7629-4F79-B916-91D1046682F5}
	EndGlobalSection
EndGlobal
